
Microsoft Visual Studio Solution File, Format Version 12.00
# Visual Studio 2015
Project("{FAE04EC0-301F-11D3-BF4B-00C04F79EFBC}") = "Kukulkan-master.CSharp", "Kukulkan-master.CSharp.csproj", "{CD441BF5-C928-36FE-836A-532683A0AE24}"
EndProject
Global
	GlobalSection(SolutionConfigurationPlatforms) = preSolution
		Debug|Any CPU = Debug|Any CPU
		Release|Any CPU = Release|Any CPU
	EndGlobalSection
	GlobalSection(ProjectConfigurationPlatforms) = postSolution
		{CD441BF5-C928-36FE-836A-532683A0AE24}.Debug|Any CPU.ActiveCfg = Debug|Any CPU
		{CD441BF5-C928-36FE-836A-532683A0AE24}.Debug|Any CPU.Build.0 = Debug|Any CPU
		{CD441BF5-C928-36FE-836A-532683A0AE24}.Release|Any CPU.ActiveCfg = Release|Any CPU
		{CD441BF5-C928-36FE-836A-532683A0AE24}.Release|Any CPU.Build.0 = Release|Any CPU
	EndGlobalSection
	GlobalSection(SolutionProperties) = preSolution
		HideSolutionNode = FALSE
	EndGlobalSection
EndGlobal
