
Microsoft Visual Studio Solution File, Format Version 12.00
# Visual Studio 2015
Project("{FAE04EC0-301F-11D3-BF4B-00C04F79EFBC}") = "Kukulkan-Worked-branch-everyone-who-ups-the-master-should-die-.CSharp", "Kukulkan-Worked-branch-everyone-who-ups-the-master-should-die-.CSharp.csproj", "{ECBC1E7C-304F-5AD8-8B0C-EE72D3F337B8}"
EndProject
Global
	GlobalSection(SolutionConfigurationPlatforms) = preSolution
		Debug|Any CPU = Debug|Any CPU
		Release|Any CPU = Release|Any CPU
	EndGlobalSection
	GlobalSection(ProjectConfigurationPlatforms) = postSolution
		{ECBC1E7C-304F-5AD8-8B0C-EE72D3F337B8}.Debug|Any CPU.ActiveCfg = Debug|Any CPU
		{ECBC1E7C-304F-5AD8-8B0C-EE72D3F337B8}.Debug|Any CPU.Build.0 = Debug|Any CPU
		{ECBC1E7C-304F-5AD8-8B0C-EE72D3F337B8}.Release|Any CPU.ActiveCfg = Release|Any CPU
		{ECBC1E7C-304F-5AD8-8B0C-EE72D3F337B8}.Release|Any CPU.Build.0 = Release|Any CPU
	EndGlobalSection
	GlobalSection(SolutionProperties) = preSolution
		HideSolutionNode = FALSE
	EndGlobalSection
EndGlobal
